
Microsoft Visual Studio Solution File, Format Version 12.00
# Visual Studio Version 16
VisualStudioVersion = 16.0.30320.27
MinimumVisualStudioVersion = 10.0.40219.1
Project("{FAE04EC0-301F-11D3-BF4B-00C04F79EFBC}") = "11-ArregloTridimensional", "11-ArregloTridimensional\11-ArregloTridimensional.csproj", "{4AD8B559-7FEC-4B63-AB83-5E9C97C04553}"
EndProject
Global
	GlobalSection(SolutionConfigurationPlatforms) = preSolution
		Debug|Any CPU = Debug|Any CPU
		Release|Any CPU = Release|Any CPU
	EndGlobalSection
	GlobalSection(ProjectConfigurationPlatforms) = postSolution
		{4AD8B559-7FEC-4B63-AB83-5E9C97C04553}.Debug|Any CPU.ActiveCfg = Debug|Any CPU
		{4AD8B559-7FEC-4B63-AB83-5E9C97C04553}.Debug|Any CPU.Build.0 = Debug|Any CPU
		{4AD8B559-7FEC-4B63-AB83-5E9C97C04553}.Release|Any CPU.ActiveCfg = Release|Any CPU
		{4AD8B559-7FEC-4B63-AB83-5E9C97C04553}.Release|Any CPU.Build.0 = Release|Any CPU
	EndGlobalSection
	GlobalSection(SolutionProperties) = preSolution
		HideSolutionNode = FALSE
	EndGlobalSection
	GlobalSection(ExtensibilityGlobals) = postSolution
		SolutionGuid = {4876E59F-C8E2-4A87-AF87-0DA48A08AF4A}
	EndGlobalSection
EndGlobal
